
Microsoft Visual Studio Solution File, Format Version 12.00
# Visual Studio Version 16
VisualStudioVersion = 16.0.28922.388
MinimumVisualStudioVersion = 10.0.40219.1
Project("{2150E333-8FDC-42A3-9474-1A3956D46DE8}") = "CPN.Application", "CPN.Application", "{F5743D04-BD24-440D-91AA-E7D783168616}"
EndProject
Project("{2150E333-8FDC-42A3-9474-1A3956D46DE8}") = "CPN.Infra.IoC", "CPN.Infra.IoC", "{A79D7772-9FBE-44E3-BBD7-046E18ED0BC6}"
EndProject
Project("{2150E333-8FDC-42A3-9474-1A3956D46DE8}") = "CPN.Infra.Data", "CPN.Infra.Data", "{10F0F718-075D-49F1-82ED-3A6A39E3D3CE}"
EndProject
Project("{2150E333-8FDC-42A3-9474-1A3956D46DE8}") = "CPN.Model", "CPN.Model", "{1618D82D-FDD2-4F66-9F90-63DEA66B93FD}"
EndProject
Project("{9A19103F-16F7-4668-BE54-9A1E7A4F7556}") = "CPN.Application", "CPN.Application\CPN.Application.csproj", "{94689D19-12E7-4983-A398-C64A33111E35}"
EndProject
Project("{9A19103F-16F7-4668-BE54-9A1E7A4F7556}") = "CPN.Infra.Data", "CPN.Infra.Data\CPN.Infra.Data.csproj", "{7687E54F-AE40-443E-BE75-1074D2C79CC5}"
EndProject
Project("{9A19103F-16F7-4668-BE54-9A1E7A4F7556}") = "CPN.Infra.IoC", "CPN.Infra.IoC\CPN.Infra.IoC.csproj", "{A141ACBB-FD29-47D2-B7BD-98A4F7FDE653}"
EndProject
Project("{9A19103F-16F7-4668-BE54-9A1E7A4F7556}") = "CPN.Model", "CPN.Model\CPN.Model.csproj", "{3B37C4E7-74ED-47A6-9B6D-7B5669E10679}"
EndProject
Project("{2150E333-8FDC-42A3-9474-1A3956D46DE8}") = "CPN.UI", "CPN.UI", "{DE63DBDE-4C91-4BBC-AB47-4C7318ACD548}"
EndProject
Project("{9A19103F-16F7-4668-BE54-9A1E7A4F7556}") = "AspDotnetVueJs", "CPN.UI\AspDotnetVueJs.csproj", "{2F612B7D-E800-4DAF-9195-FA49C9826807}"
EndProject
Project("{2150E333-8FDC-42A3-9474-1A3956D46DE8}") = "CPN.Business", "CPN.Business", "{3365B184-CA20-4269-B478-9F0E596477F0}"
EndProject
Project("{9A19103F-16F7-4668-BE54-9A1E7A4F7556}") = "CPN.Business", "CPN.Controller\CPN.Business.csproj", "{850C18AB-728D-4993-AE89-BF4208E7D216}"
EndProject
Global
	GlobalSection(SolutionConfigurationPlatforms) = preSolution
		Debug|Any CPU = Debug|Any CPU
		Release|Any CPU = Release|Any CPU
	EndGlobalSection
	GlobalSection(ProjectConfigurationPlatforms) = postSolution
		{94689D19-12E7-4983-A398-C64A33111E35}.Debug|Any CPU.ActiveCfg = Debug|Any CPU
		{94689D19-12E7-4983-A398-C64A33111E35}.Debug|Any CPU.Build.0 = Debug|Any CPU
		{94689D19-12E7-4983-A398-C64A33111E35}.Release|Any CPU.ActiveCfg = Release|Any CPU
		{94689D19-12E7-4983-A398-C64A33111E35}.Release|Any CPU.Build.0 = Release|Any CPU
		{7687E54F-AE40-443E-BE75-1074D2C79CC5}.Debug|Any CPU.ActiveCfg = Debug|Any CPU
		{7687E54F-AE40-443E-BE75-1074D2C79CC5}.Debug|Any CPU.Build.0 = Debug|Any CPU
		{7687E54F-AE40-443E-BE75-1074D2C79CC5}.Release|Any CPU.ActiveCfg = Release|Any CPU
		{7687E54F-AE40-443E-BE75-1074D2C79CC5}.Release|Any CPU.Build.0 = Release|Any CPU
		{A141ACBB-FD29-47D2-B7BD-98A4F7FDE653}.Debug|Any CPU.ActiveCfg = Debug|Any CPU
		{A141ACBB-FD29-47D2-B7BD-98A4F7FDE653}.Debug|Any CPU.Build.0 = Debug|Any CPU
		{A141ACBB-FD29-47D2-B7BD-98A4F7FDE653}.Release|Any CPU.ActiveCfg = Release|Any CPU
		{A141ACBB-FD29-47D2-B7BD-98A4F7FDE653}.Release|Any CPU.Build.0 = Release|Any CPU
		{3B37C4E7-74ED-47A6-9B6D-7B5669E10679}.Debug|Any CPU.ActiveCfg = Debug|Any CPU
		{3B37C4E7-74ED-47A6-9B6D-7B5669E10679}.Debug|Any CPU.Build.0 = Debug|Any CPU
		{3B37C4E7-74ED-47A6-9B6D-7B5669E10679}.Release|Any CPU.ActiveCfg = Release|Any CPU
		{3B37C4E7-74ED-47A6-9B6D-7B5669E10679}.Release|Any CPU.Build.0 = Release|Any CPU
		{2F612B7D-E800-4DAF-9195-FA49C9826807}.Debug|Any CPU.ActiveCfg = Debug|Any CPU
		{2F612B7D-E800-4DAF-9195-FA49C9826807}.Debug|Any CPU.Build.0 = Debug|Any CPU
		{2F612B7D-E800-4DAF-9195-FA49C9826807}.Release|Any CPU.ActiveCfg = Release|Any CPU
		{2F612B7D-E800-4DAF-9195-FA49C9826807}.Release|Any CPU.Build.0 = Release|Any CPU
		{850C18AB-728D-4993-AE89-BF4208E7D216}.Debug|Any CPU.ActiveCfg = Debug|Any CPU
		{850C18AB-728D-4993-AE89-BF4208E7D216}.Debug|Any CPU.Build.0 = Debug|Any CPU
		{850C18AB-728D-4993-AE89-BF4208E7D216}.Release|Any CPU.ActiveCfg = Release|Any CPU
		{850C18AB-728D-4993-AE89-BF4208E7D216}.Release|Any CPU.Build.0 = Release|Any CPU
	EndGlobalSection
	GlobalSection(SolutionProperties) = preSolution
		HideSolutionNode = FALSE
	EndGlobalSection
	GlobalSection(NestedProjects) = preSolution
		{94689D19-12E7-4983-A398-C64A33111E35} = {F5743D04-BD24-440D-91AA-E7D783168616}
		{7687E54F-AE40-443E-BE75-1074D2C79CC5} = {10F0F718-075D-49F1-82ED-3A6A39E3D3CE}
		{A141ACBB-FD29-47D2-B7BD-98A4F7FDE653} = {A79D7772-9FBE-44E3-BBD7-046E18ED0BC6}
		{3B37C4E7-74ED-47A6-9B6D-7B5669E10679} = {1618D82D-FDD2-4F66-9F90-63DEA66B93FD}
		{2F612B7D-E800-4DAF-9195-FA49C9826807} = {DE63DBDE-4C91-4BBC-AB47-4C7318ACD548}
		{850C18AB-728D-4993-AE89-BF4208E7D216} = {3365B184-CA20-4269-B478-9F0E596477F0}
	EndGlobalSection
	GlobalSection(ExtensibilityGlobals) = postSolution
		SolutionGuid = {094EBAAA-6048-4F37-9191-E233631168F8}
	EndGlobalSection
EndGlobal
